
Microsoft Visual Studio Solution File, Format Version 12.00
# Visual Studio Version 17
VisualStudioVersion = 17.4.33122.133
MinimumVisualStudioVersion = 10.0.40219.1
Project("{9A19103F-16F7-4668-BE54-9A1E7A4F7556}") = "Entities", "Entities\Entities.csproj", "{683F1B22-AA03-406B-AA6E-87D702382A2D}"
EndProject
Project("{9A19103F-16F7-4668-BE54-9A1E7A4F7556}") = "DataAccess", "DataAccess\DataAccess.csproj", "{B279FCB9-2B22-4DB5-8483-F321A9BA96F8}"
EndProject
Project("{9A19103F-16F7-4668-BE54-9A1E7A4F7556}") = "Business", "Business\Business.csproj", "{27DDE525-58D6-4831-A1E7-6BCDE93FDE16}"
EndProject
Project("{9A19103F-16F7-4668-BE54-9A1E7A4F7556}") = "Core", "Core\Core.csproj", "{F68A7FC7-001D-40E4-9BA1-F68D0177F7DA}"
EndProject
Project("{FAE04EC0-301F-11D3-BF4B-00C04F79EFBC}") = "WepAPI", "WepAPI\WepAPI.csproj", "{2D99CC92-9622-4258-82D9-9C4487319576}"
EndProject
Global
	GlobalSection(SolutionConfigurationPlatforms) = preSolution
		Debug|Any CPU = Debug|Any CPU
		Release|Any CPU = Release|Any CPU
	EndGlobalSection
	GlobalSection(ProjectConfigurationPlatforms) = postSolution
		{683F1B22-AA03-406B-AA6E-87D702382A2D}.Debug|Any CPU.ActiveCfg = Debug|Any CPU
		{683F1B22-AA03-406B-AA6E-87D702382A2D}.Debug|Any CPU.Build.0 = Debug|Any CPU
		{683F1B22-AA03-406B-AA6E-87D702382A2D}.Release|Any CPU.ActiveCfg = Release|Any CPU
		{683F1B22-AA03-406B-AA6E-87D702382A2D}.Release|Any CPU.Build.0 = Release|Any CPU
		{B279FCB9-2B22-4DB5-8483-F321A9BA96F8}.Debug|Any CPU.ActiveCfg = Debug|Any CPU
		{B279FCB9-2B22-4DB5-8483-F321A9BA96F8}.Debug|Any CPU.Build.0 = Debug|Any CPU
		{B279FCB9-2B22-4DB5-8483-F321A9BA96F8}.Release|Any CPU.ActiveCfg = Release|Any CPU
		{B279FCB9-2B22-4DB5-8483-F321A9BA96F8}.Release|Any CPU.Build.0 = Release|Any CPU
		{27DDE525-58D6-4831-A1E7-6BCDE93FDE16}.Debug|Any CPU.ActiveCfg = Debug|Any CPU
		{27DDE525-58D6-4831-A1E7-6BCDE93FDE16}.Debug|Any CPU.Build.0 = Debug|Any CPU
		{27DDE525-58D6-4831-A1E7-6BCDE93FDE16}.Release|Any CPU.ActiveCfg = Release|Any CPU
		{27DDE525-58D6-4831-A1E7-6BCDE93FDE16}.Release|Any CPU.Build.0 = Release|Any CPU
		{F68A7FC7-001D-40E4-9BA1-F68D0177F7DA}.Debug|Any CPU.ActiveCfg = Debug|Any CPU
		{F68A7FC7-001D-40E4-9BA1-F68D0177F7DA}.Debug|Any CPU.Build.0 = Debug|Any CPU
		{F68A7FC7-001D-40E4-9BA1-F68D0177F7DA}.Release|Any CPU.ActiveCfg = Release|Any CPU
		{F68A7FC7-001D-40E4-9BA1-F68D0177F7DA}.Release|Any CPU.Build.0 = Release|Any CPU
		{2D99CC92-9622-4258-82D9-9C4487319576}.Debug|Any CPU.ActiveCfg = Debug|Any CPU
		{2D99CC92-9622-4258-82D9-9C4487319576}.Debug|Any CPU.Build.0 = Debug|Any CPU
		{2D99CC92-9622-4258-82D9-9C4487319576}.Release|Any CPU.ActiveCfg = Release|Any CPU
		{2D99CC92-9622-4258-82D9-9C4487319576}.Release|Any CPU.Build.0 = Release|Any CPU
	EndGlobalSection
	GlobalSection(SolutionProperties) = preSolution
		HideSolutionNode = FALSE
	EndGlobalSection
	GlobalSection(ExtensibilityGlobals) = postSolution
		SolutionGuid = {866FBB65-F1AF-494B-8DD0-4BAE02B1FFA5}
	EndGlobalSection
EndGlobal
